{
  "version": 4,
  "terraform_version": "0.12.24",
  "serial": 136,
  "lineage": "6abac435-8cdc-1205-4ef5-f06901ce0eab",
  "outputs": {
    "asg_name_consul_cluster": {
      "value": "consul20200519162612572100000009",
      "type": "string"
    },
    "asg_name_vault_cluster": {
      "value": "vault2020051916263114730000000a",
      "type": "string"
    },
    "aws_region": {
      "value": "us-west-2",
      "type": "string"
    },
    "consul_cluster_cluster_tag_key": {
      "value": "consul-servers",
      "type": "string"
    },
    "consul_cluster_cluster_tag_value": {
      "value": "consul",
      "type": "string"
    },
    "iam_role_arn_consul_cluster": {
      "value": "arn:aws:iam::698708524837:role/consul20200519162512028100000001",
      "type": "string"
    },
    "iam_role_arn_servers": {
      "value": "arn:aws:iam::698708524837:role/consul20200519162512028100000001",
      "type": "string"
    },
    "iam_role_arn_vault_cluster": {
      "value": "arn:aws:iam::698708524837:role/vault20200519162512030100000002",
      "type": "string"
    },
    "iam_role_id_consul_cluster": {
      "value": "consul20200519162512028100000001",
      "type": "string"
    },
    "iam_role_id_servers": {
      "value": "consul20200519162512028100000001",
      "type": "string"
    },
    "iam_role_id_vault_cluster": {
      "value": "vault20200519162512030100000002",
      "type": "string"
    },
    "launch_config_name_consul_cluster": {
      "value": "consul-20200519162528098600000008",
      "type": "string"
    },
    "launch_config_name_servers": {
      "value": "consul-20200519162528098600000008",
      "type": "string"
    },
    "launch_config_name_vault_cluster": {
      "value": "vault-20200519162528087100000007",
      "type": "string"
    },
    "security_group_id_consul_cluster": {
      "value": "sg-033c6b46933fda048",
      "type": "string"
    },
    "security_group_id_servers": {
      "value": "sg-033c6b46933fda048",
      "type": "string"
    },
    "security_group_id_vault_cluster": {
      "value": "sg-056440fa074f270f5",
      "type": "string"
    },
    "ssh_key_name": {
      "value": "lau-org",
      "type": "string"
    },
    "vault_cluster_size": {
      "value": 3,
      "type": "number"
    },
    "vault_servers_cluster_tag_key": {
      "value": "Name",
      "type": "string"
    },
    "vault_servers_cluster_tag_value": {
      "value": "vault",
      "type": "string"
    }
  },
  "resources": [
    {
      "module": "module.vault_cluster",
      "mode": "data",
      "type": "aws_caller_identity",
      "name": "current",
      "provider": "provider.aws",
      "instances": [
        {
          "schema_version": 0,
          "attributes": {
            "account_id": "698708524837",
            "arn": "arn:aws:iam::698708524837:user/maria.jorge-temp",
            "id": "2020-05-19 16:24:55.512242 +0000 UTC",
            "user_id": "AIDA2FLSF74S2ADFABWQ2"
          }
        }
      ]
    },
    {
      "module": "module.consul_cluster.module.iam_policies",
      "mode": "data",
      "type": "aws_iam_policy_document",
      "name": "auto_discover_cluster",
      "provider": "provider.aws",
      "instances": [
        {
          "schema_version": 0,
          "attributes": {
            "id": "2069168386",
            "json": "{\n  \"Version\": \"2012-10-17\",\n  \"Statement\": [\n    {\n      \"Sid\": \"\",\n      \"Effect\": \"Allow\",\n      \"Action\": [\n        \"ec2:DescribeTags\",\n        \"ec2:DescribeInstances\",\n        \"autoscaling:DescribeAutoScalingGroups\"\n      ],\n      \"Resource\": \"*\"\n    }\n  ]\n}",
            "override_json": null,
            "policy_id": null,
            "source_json": null,
            "statement": [
              {
                "actions": [
                  "autoscaling:DescribeAutoScalingGroups",
                  "ec2:DescribeInstances",
                  "ec2:DescribeTags"
                ],
                "condition": [],
                "effect": "Allow",
                "not_actions": [],
                "not_principals": [],
                "not_resources": [],
                "principals": [],
                "resources": [
                  "*"
                ],
                "sid": ""
              }
            ],
            "version": "2012-10-17"
          }
        }
      ]
    },
    {
      "module": "module.consul_iam_policies_servers",
      "mode": "data",
      "type": "aws_iam_policy_document",
      "name": "auto_discover_cluster",
      "provider": "provider.aws",
      "instances": [
        {
          "schema_version": 0,
          "attributes": {
            "id": "2069168386",
            "json": "{\n  \"Version\": \"2012-10-17\",\n  \"Statement\": [\n    {\n      \"Sid\": \"\",\n      \"Effect\": \"Allow\",\n      \"Action\": [\n        \"ec2:DescribeTags\",\n        \"ec2:DescribeInstances\",\n        \"autoscaling:DescribeAutoScalingGroups\"\n      ],\n      \"Resource\": \"*\"\n    }\n  ]\n}",
            "override_json": null,
            "policy_id": null,
            "source_json": null,
            "statement": [
              {
                "actions": [
                  "autoscaling:DescribeAutoScalingGroups",
                  "ec2:DescribeInstances",
                  "ec2:DescribeTags"
                ],
                "condition": [],
                "effect": "Allow",
                "not_actions": [],
                "not_principals": [],
                "not_resources": [],
                "principals": [],
                "resources": [
                  "*"
                ],
                "sid": ""
              }
            ],
            "version": "2012-10-17"
          }
        }
      ]
    },
    {
      "module": "module.consul_cluster",
      "mode": "data",
      "type": "aws_iam_policy_document",
      "name": "instance_role",
      "provider": "provider.aws",
      "instances": [
        {
          "schema_version": 0,
          "attributes": {
            "id": "1903849331",
            "json": "{\n  \"Version\": \"2012-10-17\",\n  \"Statement\": [\n    {\n      \"Sid\": \"\",\n      \"Effect\": \"Allow\",\n      \"Action\": \"sts:AssumeRole\",\n      \"Principal\": {\n        \"Service\": \"ec2.amazonaws.com\"\n      }\n    }\n  ]\n}",
            "override_json": null,
            "policy_id": null,
            "source_json": null,
            "statement": [
              {
                "actions": [
                  "sts:AssumeRole"
                ],
                "condition": [],
                "effect": "Allow",
                "not_actions": [],
                "not_principals": [],
                "not_resources": [],
                "principals": [
                  {
                    "identifiers": [
                      "ec2.amazonaws.com"
                    ],
                    "type": "Service"
                  }
                ],
                "resources": [],
                "sid": ""
              }
            ],
            "version": "2012-10-17"
          }
        }
      ]
    },
    {
      "module": "module.vault_cluster",
      "mode": "data",
      "type": "aws_iam_policy_document",
      "name": "instance_role",
      "provider": "provider.aws",
      "instances": [
        {
          "schema_version": 0,
          "attributes": {
            "id": "1903849331",
            "json": "{\n  \"Version\": \"2012-10-17\",\n  \"Statement\": [\n    {\n      \"Sid\": \"\",\n      \"Effect\": \"Allow\",\n      \"Action\": \"sts:AssumeRole\",\n      \"Principal\": {\n        \"Service\": \"ec2.amazonaws.com\"\n      }\n    }\n  ]\n}",
            "override_json": null,
            "policy_id": null,
            "source_json": null,
            "statement": [
              {
                "actions": [
                  "sts:AssumeRole"
                ],
                "condition": [],
                "effect": "Allow",
                "not_actions": [],
                "not_principals": [],
                "not_resources": [],
                "principals": [
                  {
                    "identifiers": [
                      "ec2.amazonaws.com"
                    ],
                    "type": "Service"
                  }
                ],
                "resources": [],
                "sid": ""
              }
            ],
            "version": "2012-10-17"
          }
        }
      ]
    },
    {
      "module": "module.vault_cluster",
      "mode": "data",
      "type": "aws_iam_policy_document",
      "name": "vault_auto_unseal_kms",
      "each": "list",
      "provider": "provider.aws",
      "instances": []
    },
    {
      "module": "module.vault_cluster",
      "mode": "data",
      "type": "aws_iam_policy_document",
      "name": "vault_dynamo",
      "each": "list",
      "provider": "provider.aws",
      "instances": []
    },
    {
      "module": "module.vault_cluster",
      "mode": "data",
      "type": "aws_iam_policy_document",
      "name": "vault_s3",
      "each": "list",
      "provider": "provider.aws",
      "instances": [
        {
          "index_key": 0,
          "schema_version": 0,
          "attributes": {
            "id": "676873898",
            "json": "{\n  \"Version\": \"2012-10-17\",\n  \"Statement\": [\n    {\n      \"Sid\": \"\",\n      \"Effect\": \"Allow\",\n      \"Action\": \"s3:*\",\n      \"Resource\": [\n        \"arn:aws:s3:::vault-lau-bucket-wue4z/*\",\n        \"arn:aws:s3:::vault-lau-bucket-wue4z\"\n      ]\n    }\n  ]\n}",
            "override_json": null,
            "policy_id": null,
            "source_json": null,
            "statement": [
              {
                "actions": [
                  "s3:*"
                ],
                "condition": [],
                "effect": "Allow",
                "not_actions": [],
                "not_principals": [],
                "not_resources": [],
                "principals": [],
                "resources": [
                  "arn:aws:s3:::vault-lau-bucket-wue4z",
                  "arn:aws:s3:::vault-lau-bucket-wue4z/*"
                ],
                "sid": ""
              }
            ],
            "version": "2012-10-17"
          }
        }
      ]
    },
    {
      "mode": "data",
      "type": "aws_region",
      "name": "current",
      "provider": "provider.aws",
      "instances": [
        {
          "schema_version": 0,
          "attributes": {
            "current": null,
            "description": "US West (Oregon)",
            "endpoint": "ec2.us-west-2.amazonaws.com",
            "id": "us-west-2",
            "name": "us-west-2"
          }
        }
      ]
    },
    {
      "module": "module.vault_cluster",
      "mode": "data",
      "type": "aws_region",
      "name": "current",
      "provider": "provider.aws",
      "instances": [
        {
          "schema_version": 0,
          "attributes": {
            "current": null,
            "description": "US West (Oregon)",
            "endpoint": "ec2.us-west-2.amazonaws.com",
            "id": "us-west-2",
            "name": "us-west-2"
          }
        }
      ]
    },
    {
      "mode": "data",
      "type": "template_file",
      "name": "user_data_consul",
      "provider": "provider.template",
      "instances": [
        {
          "schema_version": 0,
          "attributes": {
            "filename": null,
            "id": "4336256812332f18f8467d6245a38804156eacb0624c7f9e2eec82960744c542",
            "rendered": "#!/bin/bash\n# This script is meant to be run in the User Data of each EC2 Instance while it's booting. The script uses the\n# run-consul script to configure and start Consul in server mode. Note that this script assumes it's running in an AMI\n# built from the Packer template in examples/vault-consul-ami/vault-consul.json.\n\nset -e\n\n# Send the log output from this script to user-data.log, syslog, and the console\n# From: https://alestic.com/2010/12/ec2-user-data-output/\nexec \u003e \u003e(tee /var/log/user-data.log|logger -t user-data -s 2\u003e/dev/console) 2\u003e\u00261\n\n# These variables are passed in via Terraform template interpolation\n/opt/consul/bin/run-consul --server --cluster-tag-key \"consul-servers\" --cluster-tag-value \"consul\"",
            "template": "#!/bin/bash\n# This script is meant to be run in the User Data of each EC2 Instance while it's booting. The script uses the\n# run-consul script to configure and start Consul in server mode. Note that this script assumes it's running in an AMI\n# built from the Packer template in examples/vault-consul-ami/vault-consul.json.\n\nset -e\n\n# Send the log output from this script to user-data.log, syslog, and the console\n# From: https://alestic.com/2010/12/ec2-user-data-output/\nexec \u003e \u003e(tee /var/log/user-data.log|logger -t user-data -s 2\u003e/dev/console) 2\u003e\u00261\n\n# These variables are passed in via Terraform template interpolation\n/opt/consul/bin/run-consul --server --cluster-tag-key \"${consul_cluster_tag_key}\" --cluster-tag-value \"${consul_cluster_tag_value}\"",
            "vars": {
              "consul_cluster_tag_key": "consul-servers",
              "consul_cluster_tag_value": "consul"
            }
          }
        }
      ]
    },
    {
      "mode": "data",
      "type": "template_file",
      "name": "user_data_vault_cluster",
      "provider": "provider.template",
      "instances": [
        {
          "schema_version": 0,
          "attributes": {
            "filename": null,
            "id": "ceac1630fbf0e03ae5fdf1353cc5ec3c4be8940089a3a0478fbff4c4c965dff6",
            "rendered": "#!/bin/bash\n# This script is meant to be run in the User Data of each EC2 Instance while it's booting. The script uses the\n# run-consul script to configure and start Consul in client mode and then the run-vault script to configure and start\n# Vault in server mode. Note that this script assumes it's running in an AMI built from the Packer template in\n# examples/vault-consul-ami/vault-consul.json.\n\nset -e\n\n# Send the log output from this script to user-data.log, syslog, and the console\n# From: https://alestic.com/2010/12/ec2-user-data-output/\nexec \u003e \u003e(tee /var/log/user-data.log|logger -t user-data -s 2\u003e/dev/console) 2\u003e\u00261\n\n# The Packer template puts the TLS certs in these file paths\nreadonly VAULT_TLS_CERT_FILE=\"/opt/vault/tls/vault.crt.pem\"\nreadonly VAULT_TLS_KEY_FILE=\"/opt/vault/tls/vault.key.pem\"\n\n# The variables below are filled in via Terraform interpolation\n/opt/consul/bin/run-consul --client --cluster-tag-key \"consul-servers\" --cluster-tag-value \"consul\"\n/opt/vault/bin/run-vault --tls-cert-file \"$VAULT_TLS_CERT_FILE\"  --tls-key-file \"$VAULT_TLS_KEY_FILE\" --enable-s3-backend --s3-bucket \"vault-lau-bucket-wue4z\" --s3-bucket-region \"us-west-2\"\n",
            "template": "#!/bin/bash\n# This script is meant to be run in the User Data of each EC2 Instance while it's booting. The script uses the\n# run-consul script to configure and start Consul in client mode and then the run-vault script to configure and start\n# Vault in server mode. Note that this script assumes it's running in an AMI built from the Packer template in\n# examples/vault-consul-ami/vault-consul.json.\n\nset -e\n\n# Send the log output from this script to user-data.log, syslog, and the console\n# From: https://alestic.com/2010/12/ec2-user-data-output/\nexec \u003e \u003e(tee /var/log/user-data.log|logger -t user-data -s 2\u003e/dev/console) 2\u003e\u00261\n\n# The Packer template puts the TLS certs in these file paths\nreadonly VAULT_TLS_CERT_FILE=\"/opt/vault/tls/vault.crt.pem\"\nreadonly VAULT_TLS_KEY_FILE=\"/opt/vault/tls/vault.key.pem\"\n\n# The variables below are filled in via Terraform interpolation\n/opt/consul/bin/run-consul --client --cluster-tag-key \"${consul_cluster_tag_key}\" --cluster-tag-value \"${consul_cluster_tag_value}\"\n/opt/vault/bin/run-vault --tls-cert-file \"$VAULT_TLS_CERT_FILE\"  --tls-key-file \"$VAULT_TLS_KEY_FILE\" --enable-s3-backend --s3-bucket \"${s3_bucket_name}\" --s3-bucket-region \"${aws_region}\"\n",
            "vars": {
              "aws_region": "us-west-2",
              "consul_cluster_tag_key": "consul-servers",
              "consul_cluster_tag_value": "consul",
              "s3_bucket_name": "vault-lau-bucket-wue4z"
            }
          }
        }
      ]
    },
    {
      "module": "module.consul_cluster",
      "mode": "managed",
      "type": "aws_autoscaling_group",
      "name": "autoscaling_group",
      "provider": "provider.aws",
      "instances": [
        {
          "schema_version": 0,
          "attributes": {
            "arn": "arn:aws:autoscaling:us-west-2:698708524837:autoScalingGroup:7fac6de8-4843-4ed3-b76f-e7f228dd41be:autoScalingGroupName/consul20200519162612572100000009",
            "availability_zones": [
              "us-west-2a",
              "us-west-2b",
              "us-west-2c"
            ],
            "default_cooldown": 300,
            "desired_capacity": 3,
            "enabled_metrics": null,
            "force_delete": false,
            "health_check_grace_period": 300,
            "health_check_type": "EC2",
            "id": "consul20200519162612572100000009",
            "initial_lifecycle_hook": [],
            "launch_configuration": "consul-20200519162528098600000008",
            "launch_template": [],
            "load_balancers": [],
            "max_instance_lifetime": 0,
            "max_size": 3,
            "metrics_granularity": "1Minute",
            "min_elb_capacity": null,
            "min_size": 3,
            "mixed_instances_policy": [],
            "name": "consul20200519162612572100000009",
            "name_prefix": "consul",
            "placement_group": "",
            "protect_from_scale_in": false,
            "service_linked_role_arn": "arn:aws:iam::698708524837:role/aws-service-role/autoscaling.amazonaws.com/AWSServiceRoleForAutoScaling",
            "suspended_processes": null,
            "tag": [],
            "tags": [
              {
                "key": "Name",
                "propagate_at_launch": "true",
                "value": "consul"
              },
              {
                "key": "consul-servers",
                "propagate_at_launch": "true",
                "value": "consul"
              }
            ],
            "target_group_arns": [],
            "termination_policies": [
              "Default"
            ],
            "timeouts": null,
            "vpc_zone_identifier": [
              "subnet-0462bd1e12a47583b",
              "subnet-0cdf2be7bd5857568",
              "subnet-0e634e56e89214c91"
            ],
            "wait_for_capacity_timeout": "10m",
            "wait_for_elb_capacity": null
          },
          "private": "eyJlMmJmYjczMC1lY2FhLTExZTYtOGY4OC0zNDM2M2JjN2M0YzAiOnsiZGVsZXRlIjo2MDAwMDAwMDAwMDB9fQ==",
          "dependencies": [
            "module.consul_cluster.aws_iam_instance_profile.instance_profile",
            "module.consul_cluster.aws_iam_role.instance_role",
            "module.consul_cluster.aws_launch_configuration.launch_configuration",
            "module.consul_cluster.aws_security_group.lc_security_group"
          ]
        }
      ]
    },
    {
      "module": "module.vault_cluster",
      "mode": "managed",
      "type": "aws_autoscaling_group",
      "name": "autoscaling_group",
      "provider": "provider.aws",
      "instances": [
        {
          "schema_version": 0,
          "attributes": {
            "arn": "arn:aws:autoscaling:us-west-2:698708524837:autoScalingGroup:26e4f59f-ff80-4c21-ac94-613fec025152:autoScalingGroupName/vault2020051916263114730000000a",
            "availability_zones": [
              "us-west-2a",
              "us-west-2b",
              "us-west-2c"
            ],
            "default_cooldown": 300,
            "desired_capacity": 3,
            "enabled_metrics": null,
            "force_delete": false,
            "health_check_grace_period": 300,
            "health_check_type": "EC2",
            "id": "vault2020051916263114730000000a",
            "initial_lifecycle_hook": [],
            "launch_configuration": "vault-20200519162528087100000007",
            "launch_template": [],
            "load_balancers": [],
            "max_instance_lifetime": 0,
            "max_size": 3,
            "metrics_granularity": "1Minute",
            "min_elb_capacity": null,
            "min_size": 3,
            "mixed_instances_policy": [],
            "name": "vault2020051916263114730000000a",
            "name_prefix": "vault",
            "placement_group": "",
            "protect_from_scale_in": false,
            "service_linked_role_arn": "arn:aws:iam::698708524837:role/aws-service-role/autoscaling.amazonaws.com/AWSServiceRoleForAutoScaling",
            "suspended_processes": null,
            "tag": [
              {
                "key": "Name",
                "propagate_at_launch": true,
                "value": "vault"
              },
              {
                "key": "s3_bucket_id",
                "propagate_at_launch": true,
                "value": "vault-lau-bucket-wue4z"
              },
              {
                "key": "using_auto_unseal",
                "propagate_at_launch": true,
                "value": ""
              },
              {
                "key": "using_dynamodb_backend",
                "propagate_at_launch": true,
                "value": ""
              },
              {
                "key": "using_s3_bucket_backend",
                "propagate_at_launch": true,
                "value": "vault_s3"
              }
            ],
            "tags": null,
            "target_group_arns": [],
            "termination_policies": [
              "Default"
            ],
            "timeouts": null,
            "vpc_zone_identifier": [
              "subnet-0462bd1e12a47583b",
              "subnet-0cdf2be7bd5857568",
              "subnet-0e634e56e89214c91"
            ],
            "wait_for_capacity_timeout": "10m",
            "wait_for_elb_capacity": null
          },
          "private": "eyJlMmJmYjczMC1lY2FhLTExZTYtOGY4OC0zNDM2M2JjN2M0YzAiOnsiZGVsZXRlIjo2MDAwMDAwMDAwMDB9fQ==",
          "dependencies": [
            "module.vault_cluster.aws_iam_instance_profile.instance_profile",
            "module.vault_cluster.aws_iam_role.instance_role",
            "module.vault_cluster.aws_iam_role_policy.vault_auto_unseal_kms",
            "module.vault_cluster.aws_iam_role_policy.vault_dynamo",
            "module.vault_cluster.aws_iam_role_policy.vault_s3",
            "module.vault_cluster.aws_launch_configuration.launch_configuration",
            "module.vault_cluster.aws_s3_bucket.vault_storage",
            "module.vault_cluster.aws_security_group.lc_security_group"
          ]
        }
      ]
    },
    {
      "module": "module.consul_cluster",
      "mode": "managed",
      "type": "aws_iam_instance_profile",
      "name": "instance_profile",
      "each": "list",
      "provider": "provider.aws",
      "instances": [
        {
          "index_key": 0,
          "schema_version": 0,
          "attributes": {
            "arn": "arn:aws:iam::698708524837:instance-profile/consul20200519162514996400000006",
            "create_date": "2020-05-19T16:25:16Z",
            "id": "consul20200519162514996400000006",
            "name": "consul20200519162514996400000006",
            "name_prefix": "consul",
            "path": "/",
            "role": "consul20200519162512028100000001",
            "roles": [],
            "unique_id": "AIPA2FLSF74SR2UTQRLHD"
          },
          "private": "bnVsbA==",
          "dependencies": [
            "module.consul_cluster.aws_iam_role.instance_role"
          ]
        }
      ]
    },
    {
      "module": "module.vault_cluster",
      "mode": "managed",
      "type": "aws_iam_instance_profile",
      "name": "instance_profile",
      "provider": "provider.aws",
      "instances": [
        {
          "schema_version": 0,
          "attributes": {
            "arn": "arn:aws:iam::698708524837:instance-profile/vault20200519162514988800000005",
            "create_date": "2020-05-19T16:25:16Z",
            "id": "vault20200519162514988800000005",
            "name": "vault20200519162514988800000005",
            "name_prefix": "vault",
            "path": "/",
            "role": "vault20200519162512030100000002",
            "roles": [],
            "unique_id": "AIPA2FLSF74S33NSBMVNM"
          },
          "private": "bnVsbA==",
          "dependencies": [
            "module.vault_cluster.aws_iam_role.instance_role"
          ]
        }
      ]
    },
    {
      "module": "module.consul_cluster",
      "mode": "managed",
      "type": "aws_iam_role",
      "name": "instance_role",
      "each": "list",
      "provider": "provider.aws",
      "instances": [
        {
          "index_key": 0,
          "schema_version": 0,
          "attributes": {
            "arn": "arn:aws:iam::698708524837:role/consul20200519162512028100000001",
            "assume_role_policy": "{\"Version\":\"2012-10-17\",\"Statement\":[{\"Sid\":\"\",\"Effect\":\"Allow\",\"Principal\":{\"Service\":\"ec2.amazonaws.com\"},\"Action\":\"sts:AssumeRole\"}]}",
            "create_date": "2020-05-19T16:25:13Z",
            "description": "",
            "force_detach_policies": false,
            "id": "consul20200519162512028100000001",
            "max_session_duration": 3600,
            "name": "consul20200519162512028100000001",
            "name_prefix": "consul",
            "path": "/",
            "permissions_boundary": null,
            "tags": null,
            "unique_id": "AROA2FLSF74SQ4YT55EPJ"
          },
          "private": "bnVsbA=="
        }
      ]
    },
    {
      "module": "module.vault_cluster",
      "mode": "managed",
      "type": "aws_iam_role",
      "name": "instance_role",
      "provider": "provider.aws",
      "instances": [
        {
          "schema_version": 0,
          "attributes": {
            "arn": "arn:aws:iam::698708524837:role/vault20200519162512030100000002",
            "assume_role_policy": "{\"Version\":\"2012-10-17\",\"Statement\":[{\"Sid\":\"\",\"Effect\":\"Allow\",\"Principal\":{\"Service\":\"ec2.amazonaws.com\"},\"Action\":\"sts:AssumeRole\"}]}",
            "create_date": "2020-05-19T16:25:13Z",
            "description": "",
            "force_detach_policies": false,
            "id": "vault20200519162512030100000002",
            "max_session_duration": 3600,
            "name": "vault20200519162512030100000002",
            "name_prefix": "vault",
            "path": "/",
            "permissions_boundary": null,
            "tags": null,
            "unique_id": "AROA2FLSF74S4KHW2C7W7"
          },
          "private": "bnVsbA=="
        }
      ]
    },
    {
      "module": "module.consul_cluster.module.iam_policies",
      "mode": "managed",
      "type": "aws_iam_role_policy",
      "name": "auto_discover_cluster",
      "each": "list",
      "provider": "provider.aws",
      "instances": [
        {
          "index_key": 0,
          "schema_version": 0,
          "attributes": {
            "id": "consul20200519162512028100000001:auto-discover-cluster",
            "name": "auto-discover-cluster",
            "name_prefix": null,
            "policy": "{\n  \"Version\": \"2012-10-17\",\n  \"Statement\": [\n    {\n      \"Sid\": \"\",\n      \"Effect\": \"Allow\",\n      \"Action\": [\n        \"ec2:DescribeTags\",\n        \"ec2:DescribeInstances\",\n        \"autoscaling:DescribeAutoScalingGroups\"\n      ],\n      \"Resource\": \"*\"\n    }\n  ]\n}",
            "role": "consul20200519162512028100000001"
          },
          "private": "bnVsbA==",
          "dependencies": [
            "module.consul_cluster.aws_iam_role.instance_role"
          ]
        }
      ]
    },
    {
      "module": "module.consul_iam_policies_servers",
      "mode": "managed",
      "type": "aws_iam_role_policy",
      "name": "auto_discover_cluster",
      "each": "list",
      "provider": "provider.aws",
      "instances": [
        {
          "index_key": 0,
          "schema_version": 0,
          "attributes": {
            "id": "vault20200519162512030100000002:auto-discover-cluster",
            "name": "auto-discover-cluster",
            "name_prefix": null,
            "policy": "{\n  \"Version\": \"2012-10-17\",\n  \"Statement\": [\n    {\n      \"Sid\": \"\",\n      \"Effect\": \"Allow\",\n      \"Action\": [\n        \"ec2:DescribeTags\",\n        \"ec2:DescribeInstances\",\n        \"autoscaling:DescribeAutoScalingGroups\"\n      ],\n      \"Resource\": \"*\"\n    }\n  ]\n}",
            "role": "vault20200519162512030100000002"
          },
          "private": "bnVsbA==",
          "dependencies": [
            "module.vault_cluster.aws_iam_role.instance_role"
          ]
        }
      ]
    },
    {
      "module": "module.vault_cluster",
      "mode": "managed",
      "type": "aws_iam_role_policy",
      "name": "vault_auto_unseal_kms",
      "each": "list",
      "provider": "provider.aws",
      "instances": []
    },
    {
      "module": "module.vault_cluster",
      "mode": "managed",
      "type": "aws_iam_role_policy",
      "name": "vault_dynamo",
      "each": "list",
      "provider": "provider.aws",
      "instances": []
    },
    {
      "module": "module.vault_cluster",
      "mode": "managed",
      "type": "aws_iam_role_policy",
      "name": "vault_s3",
      "each": "list",
      "provider": "provider.aws",
      "instances": [
        {
          "index_key": 0,
          "schema_version": 0,
          "attributes": {
            "id": "vault20200519162512030100000002:vault_s3",
            "name": "vault_s3",
            "name_prefix": null,
            "policy": "{\n  \"Version\": \"2012-10-17\",\n  \"Statement\": [\n    {\n      \"Sid\": \"\",\n      \"Effect\": \"Allow\",\n      \"Action\": \"s3:*\",\n      \"Resource\": [\n        \"arn:aws:s3:::vault-lau-bucket-wue4z/*\",\n        \"arn:aws:s3:::vault-lau-bucket-wue4z\"\n      ]\n    }\n  ]\n}",
            "role": "vault20200519162512030100000002"
          },
          "private": "bnVsbA==",
          "dependencies": [
            "module.vault_cluster.aws_iam_role.instance_role",
            "module.vault_cluster.aws_s3_bucket.vault_storage"
          ]
        }
      ]
    },
    {
      "module": "module.consul_cluster",
      "mode": "managed",
      "type": "aws_launch_configuration",
      "name": "launch_configuration",
      "provider": "provider.aws",
      "instances": [
        {
          "schema_version": 0,
          "attributes": {
            "arn": "arn:aws:autoscaling:us-west-2:698708524837:launchConfiguration:5f2f2690-6e9c-48ad-aa9e-c44a8cdfb00c:launchConfigurationName/consul-20200519162528098600000008",
            "associate_public_ip_address": false,
            "ebs_block_device": [],
            "ebs_optimized": false,
            "enable_monitoring": true,
            "ephemeral_block_device": [],
            "iam_instance_profile": "consul20200519162514996400000006",
            "id": "consul-20200519162528098600000008",
            "image_id": "ami-0aeb5f9d5e62a40ac",
            "instance_type": "t2.nano",
            "key_name": "lau-org",
            "name": "consul-20200519162528098600000008",
            "name_prefix": "consul-",
            "placement_tenancy": null,
            "root_block_device": [
              {
                "delete_on_termination": true,
                "encrypted": false,
                "iops": 0,
                "volume_size": 50,
                "volume_type": "standard"
              }
            ],
            "security_groups": [
              "sg-033c6b46933fda048"
            ],
            "spot_price": "",
            "user_data": "bcf950fd5868eac15d9980d5700896fd944ea2f1",
            "user_data_base64": null,
            "vpc_classic_link_id": "",
            "vpc_classic_link_security_groups": null
          },
          "private": "bnVsbA==",
          "dependencies": [
            "module.consul_cluster.aws_iam_instance_profile.instance_profile",
            "module.consul_cluster.aws_iam_role.instance_role",
            "module.consul_cluster.aws_security_group.lc_security_group"
          ]
        }
      ]
    },
    {
      "module": "module.vault_cluster",
      "mode": "managed",
      "type": "aws_launch_configuration",
      "name": "launch_configuration",
      "provider": "provider.aws",
      "instances": [
        {
          "schema_version": 0,
          "attributes": {
            "arn": "arn:aws:autoscaling:us-west-2:698708524837:launchConfiguration:8fc7a6fe-5f56-440f-aa1b-67133e15f09d:launchConfigurationName/vault-20200519162528087100000007",
            "associate_public_ip_address": false,
            "ebs_block_device": [],
            "ebs_optimized": false,
            "enable_monitoring": true,
            "ephemeral_block_device": [],
            "iam_instance_profile": "vault20200519162514988800000005",
            "id": "vault-20200519162528087100000007",
            "image_id": "ami-0aeb5f9d5e62a40ac",
            "instance_type": "t2.micro",
            "key_name": "lau-org",
            "name": "vault-20200519162528087100000007",
            "name_prefix": "vault-",
            "placement_tenancy": "default",
            "root_block_device": [
              {
                "delete_on_termination": true,
                "encrypted": false,
                "iops": 0,
                "volume_size": 50,
                "volume_type": "standard"
              }
            ],
            "security_groups": [
              "sg-056440fa074f270f5"
            ],
            "spot_price": "",
            "user_data": "f02b795f1c400d9ec585b31328d0c865e1aaf640",
            "user_data_base64": null,
            "vpc_classic_link_id": "",
            "vpc_classic_link_security_groups": null
          },
          "private": "bnVsbA==",
          "dependencies": [
            "module.vault_cluster.aws_iam_instance_profile.instance_profile",
            "module.vault_cluster.aws_iam_role.instance_role",
            "module.vault_cluster.aws_security_group.lc_security_group"
          ]
        }
      ]
    },
    {
      "module": "module.vault_cluster",
      "mode": "managed",
      "type": "aws_s3_bucket",
      "name": "vault_storage",
      "each": "list",
      "provider": "provider.aws",
      "instances": [
        {
          "index_key": 0,
          "schema_version": 0,
          "attributes": {
            "acceleration_status": "",
            "acl": "private",
            "arn": "arn:aws:s3:::vault-lau-bucket-wue4z",
            "bucket": "vault-lau-bucket-wue4z",
            "bucket_domain_name": "vault-lau-bucket-wue4z.s3.amazonaws.com",
            "bucket_prefix": null,
            "bucket_regional_domain_name": "vault-lau-bucket-wue4z.s3.us-west-2.amazonaws.com",
            "cors_rule": [],
            "force_destroy": false,
            "grant": [],
            "hosted_zone_id": "Z3BJ6K6RIION7M",
            "id": "vault-lau-bucket-wue4z",
            "lifecycle_rule": [],
            "logging": [],
            "object_lock_configuration": [],
            "policy": null,
            "region": "us-west-2",
            "replication_configuration": [],
            "request_payer": "BucketOwner",
            "server_side_encryption_configuration": [],
            "tags": {
              "Description": "Used for secret storage with Vault. DO NOT DELETE this Bucket unless you know what you are doing."
            },
            "versioning": [
              {
                "enabled": false,
                "mfa_delete": false
              }
            ],
            "website": [],
            "website_domain": null,
            "website_endpoint": null
          },
          "private": "bnVsbA=="
        }
      ]
    },
    {
      "module": "module.consul_cluster",
      "mode": "managed",
      "type": "aws_security_group",
      "name": "lc_security_group",
      "provider": "provider.aws",
      "instances": [
        {
          "schema_version": 1,
          "attributes": {
            "arn": "arn:aws:ec2:us-west-2:698708524837:security-group/sg-033c6b46933fda048",
            "description": "Security group for the consul launch configuration",
            "egress": [],
            "id": "sg-033c6b46933fda048",
            "ingress": [],
            "name": "consul20200519162512032500000004",
            "name_prefix": "consul",
            "owner_id": "698708524837",
            "revoke_rules_on_delete": false,
            "tags": {
              "Name": "consul"
            },
            "timeouts": null,
            "vpc_id": "vpc-043f7ee683a863362"
          },
          "private": "eyJlMmJmYjczMC1lY2FhLTExZTYtOGY4OC0zNDM2M2JjN2M0YzAiOnsiY3JlYXRlIjo2MDAwMDAwMDAwMDAsImRlbGV0ZSI6NjAwMDAwMDAwMDAwfSwic2NoZW1hX3ZlcnNpb24iOiIxIn0="
        }
      ]
    },
    {
      "module": "module.vault_cluster",
      "mode": "managed",
      "type": "aws_security_group",
      "name": "lc_security_group",
      "provider": "provider.aws",
      "instances": [
        {
          "schema_version": 1,
          "attributes": {
            "arn": "arn:aws:ec2:us-west-2:698708524837:security-group/sg-056440fa074f270f5",
            "description": "Security group for the vault launch configuration",
            "egress": [],
            "id": "sg-056440fa074f270f5",
            "ingress": [],
            "name": "vault20200519162512030100000003",
            "name_prefix": "vault",
            "owner_id": "698708524837",
            "revoke_rules_on_delete": false,
            "tags": {
              "Name": "vault"
            },
            "timeouts": null,
            "vpc_id": "vpc-043f7ee683a863362"
          },
          "private": "eyJlMmJmYjczMC1lY2FhLTExZTYtOGY4OC0zNDM2M2JjN2M0YzAiOnsiY3JlYXRlIjo2MDAwMDAwMDAwMDAsImRlbGV0ZSI6NjAwMDAwMDAwMDAwfSwic2NoZW1hX3ZlcnNpb24iOiIxIn0="
        }
      ]
    },
    {
      "module": "module.consul_cluster",
      "mode": "managed",
      "type": "aws_security_group_rule",
      "name": "allow_all_outbound",
      "provider": "provider.aws",
      "instances": [
        {
          "schema_version": 2,
          "attributes": {
            "cidr_blocks": [
              "0.0.0.0/0"
            ],
            "description": null,
            "from_port": 0,
            "id": "sgrule-3276594827",
            "ipv6_cidr_blocks": null,
            "prefix_list_ids": null,
            "protocol": "-1",
            "security_group_id": "sg-033c6b46933fda048",
            "self": false,
            "source_security_group_id": null,
            "to_port": 0,
            "type": "egress"
          },
          "private": "eyJzY2hlbWFfdmVyc2lvbiI6IjIifQ==",
          "dependencies": [
            "module.consul_cluster.aws_security_group.lc_security_group"
          ]
        }
      ]
    },
    {
      "module": "module.vault_cluster",
      "mode": "managed",
      "type": "aws_security_group_rule",
      "name": "allow_all_outbound",
      "provider": "provider.aws",
      "instances": [
        {
          "schema_version": 2,
          "attributes": {
            "cidr_blocks": [
              "0.0.0.0/0"
            ],
            "description": null,
            "from_port": 0,
            "id": "sgrule-1382786846",
            "ipv6_cidr_blocks": null,
            "prefix_list_ids": null,
            "protocol": "-1",
            "security_group_id": "sg-056440fa074f270f5",
            "self": false,
            "source_security_group_id": null,
            "to_port": 0,
            "type": "egress"
          },
          "private": "eyJzY2hlbWFfdmVyc2lvbiI6IjIifQ==",
          "dependencies": [
            "module.vault_cluster.aws_security_group.lc_security_group"
          ]
        }
      ]
    },
    {
      "module": "module.vault_cluster.module.security_group_rules",
      "mode": "managed",
      "type": "aws_security_group_rule",
      "name": "allow_api_inbound_from_cidr_blocks",
      "each": "list",
      "provider": "provider.aws",
      "instances": [
        {
          "index_key": 0,
          "schema_version": 2,
          "attributes": {
            "cidr_blocks": [
              "0.0.0.0/0"
            ],
            "description": null,
            "from_port": 8200,
            "id": "sgrule-453544212",
            "ipv6_cidr_blocks": null,
            "prefix_list_ids": null,
            "protocol": "tcp",
            "security_group_id": "sg-056440fa074f270f5",
            "self": false,
            "source_security_group_id": null,
            "to_port": 8200,
            "type": "ingress"
          },
          "private": "eyJzY2hlbWFfdmVyc2lvbiI6IjIifQ==",
          "dependencies": [
            "module.vault_cluster.aws_security_group.lc_security_group"
          ]
        }
      ]
    },
    {
      "module": "module.vault_cluster.module.security_group_rules",
      "mode": "managed",
      "type": "aws_security_group_rule",
      "name": "allow_api_inbound_from_security_group_ids",
      "each": "list",
      "provider": "provider.aws",
      "instances": []
    },
    {
      "module": "module.consul_cluster.module.security_group_rules",
      "mode": "managed",
      "type": "aws_security_group_rule",
      "name": "allow_cli_rpc_inbound",
      "each": "list",
      "provider": "provider.aws",
      "instances": [
        {
          "index_key": 0,
          "schema_version": 2,
          "attributes": {
            "cidr_blocks": [
              "0.0.0.0/0"
            ],
            "description": null,
            "from_port": 8400,
            "id": "sgrule-66777581",
            "ipv6_cidr_blocks": null,
            "prefix_list_ids": null,
            "protocol": "tcp",
            "security_group_id": "sg-033c6b46933fda048",
            "self": false,
            "source_security_group_id": null,
            "to_port": 8400,
            "type": "ingress"
          },
          "private": "eyJzY2hlbWFfdmVyc2lvbiI6IjIifQ==",
          "dependencies": [
            "module.consul_cluster.aws_security_group.lc_security_group"
          ]
        }
      ]
    },
    {
      "module": "module.consul_cluster.module.security_group_rules",
      "mode": "managed",
      "type": "aws_security_group_rule",
      "name": "allow_cli_rpc_inbound_from_security_group_ids",
      "each": "list",
      "provider": "provider.aws",
      "instances": []
    },
    {
      "module": "module.consul_cluster.module.security_group_rules",
      "mode": "managed",
      "type": "aws_security_group_rule",
      "name": "allow_cli_rpc_inbound_from_self",
      "provider": "provider.aws",
      "instances": [
        {
          "schema_version": 2,
          "attributes": {
            "cidr_blocks": null,
            "description": null,
            "from_port": 8400,
            "id": "sgrule-2037546693",
            "ipv6_cidr_blocks": null,
            "prefix_list_ids": null,
            "protocol": "tcp",
            "security_group_id": "sg-033c6b46933fda048",
            "self": true,
            "source_security_group_id": null,
            "to_port": 8400,
            "type": "ingress"
          },
          "private": "eyJzY2hlbWFfdmVyc2lvbiI6IjIifQ==",
          "dependencies": [
            "module.consul_cluster.aws_security_group.lc_security_group"
          ]
        }
      ]
    },
    {
      "module": "module.vault_cluster.module.security_group_rules",
      "mode": "managed",
      "type": "aws_security_group_rule",
      "name": "allow_cluster_inbound_from_self",
      "provider": "provider.aws",
      "instances": [
        {
          "schema_version": 2,
          "attributes": {
            "cidr_blocks": null,
            "description": null,
            "from_port": 8201,
            "id": "sgrule-4280065572",
            "ipv6_cidr_blocks": null,
            "prefix_list_ids": null,
            "protocol": "tcp",
            "security_group_id": "sg-056440fa074f270f5",
            "self": true,
            "source_security_group_id": null,
            "to_port": 8201,
            "type": "ingress"
          },
          "private": "eyJzY2hlbWFfdmVyc2lvbiI6IjIifQ==",
          "dependencies": [
            "module.vault_cluster.aws_security_group.lc_security_group"
          ]
        }
      ]
    },
    {
      "module": "module.vault_cluster.module.security_group_rules",
      "mode": "managed",
      "type": "aws_security_group_rule",
      "name": "allow_cluster_inbound_from_self_api",
      "provider": "provider.aws",
      "instances": [
        {
          "schema_version": 2,
          "attributes": {
            "cidr_blocks": null,
            "description": null,
            "from_port": 8200,
            "id": "sgrule-2189154832",
            "ipv6_cidr_blocks": null,
            "prefix_list_ids": null,
            "protocol": "tcp",
            "security_group_id": "sg-056440fa074f270f5",
            "self": true,
            "source_security_group_id": null,
            "to_port": 8200,
            "type": "ingress"
          },
          "private": "eyJzY2hlbWFfdmVyc2lvbiI6IjIifQ==",
          "dependencies": [
            "module.vault_cluster.aws_security_group.lc_security_group"
          ]
        }
      ]
    },
    {
      "module": "module.consul_cluster.module.security_group_rules",
      "mode": "managed",
      "type": "aws_security_group_rule",
      "name": "allow_dns_tcp_inbound",
      "each": "list",
      "provider": "provider.aws",
      "instances": [
        {
          "index_key": 0,
          "schema_version": 2,
          "attributes": {
            "cidr_blocks": [
              "0.0.0.0/0"
            ],
            "description": null,
            "from_port": 8600,
            "id": "sgrule-192899872",
            "ipv6_cidr_blocks": null,
            "prefix_list_ids": null,
            "protocol": "tcp",
            "security_group_id": "sg-033c6b46933fda048",
            "self": false,
            "source_security_group_id": null,
            "to_port": 8600,
            "type": "ingress"
          },
          "private": "eyJzY2hlbWFfdmVyc2lvbiI6IjIifQ==",
          "dependencies": [
            "module.consul_cluster.aws_security_group.lc_security_group"
          ]
        }
      ]
    },
    {
      "module": "module.consul_cluster.module.security_group_rules",
      "mode": "managed",
      "type": "aws_security_group_rule",
      "name": "allow_dns_tcp_inbound_from_security_group_ids",
      "each": "list",
      "provider": "provider.aws",
      "instances": []
    },
    {
      "module": "module.consul_cluster.module.security_group_rules",
      "mode": "managed",
      "type": "aws_security_group_rule",
      "name": "allow_dns_tcp_inbound_from_self",
      "provider": "provider.aws",
      "instances": [
        {
          "schema_version": 2,
          "attributes": {
            "cidr_blocks": null,
            "description": null,
            "from_port": 8600,
            "id": "sgrule-926248630",
            "ipv6_cidr_blocks": null,
            "prefix_list_ids": null,
            "protocol": "tcp",
            "security_group_id": "sg-033c6b46933fda048",
            "self": true,
            "source_security_group_id": null,
            "to_port": 8600,
            "type": "ingress"
          },
          "private": "eyJzY2hlbWFfdmVyc2lvbiI6IjIifQ==",
          "dependencies": [
            "module.consul_cluster.aws_security_group.lc_security_group"
          ]
        }
      ]
    },
    {
      "module": "module.consul_cluster.module.security_group_rules",
      "mode": "managed",
      "type": "aws_security_group_rule",
      "name": "allow_dns_udp_inbound",
      "each": "list",
      "provider": "provider.aws",
      "instances": [
        {
          "index_key": 0,
          "schema_version": 2,
          "attributes": {
            "cidr_blocks": [
              "0.0.0.0/0"
            ],
            "description": null,
            "from_port": 8600,
            "id": "sgrule-1974503864",
            "ipv6_cidr_blocks": null,
            "prefix_list_ids": null,
            "protocol": "udp",
            "security_group_id": "sg-033c6b46933fda048",
            "self": false,
            "source_security_group_id": null,
            "to_port": 8600,
            "type": "ingress"
          },
          "private": "eyJzY2hlbWFfdmVyc2lvbiI6IjIifQ==",
          "dependencies": [
            "module.consul_cluster.aws_security_group.lc_security_group"
          ]
        }
      ]
    },
    {
      "module": "module.consul_cluster.module.security_group_rules",
      "mode": "managed",
      "type": "aws_security_group_rule",
      "name": "allow_dns_udp_inbound_from_security_group_ids",
      "each": "list",
      "provider": "provider.aws",
      "instances": []
    },
    {
      "module": "module.consul_cluster.module.security_group_rules",
      "mode": "managed",
      "type": "aws_security_group_rule",
      "name": "allow_dns_udp_inbound_from_self",
      "provider": "provider.aws",
      "instances": [
        {
          "schema_version": 2,
          "attributes": {
            "cidr_blocks": null,
            "description": null,
            "from_port": 8600,
            "id": "sgrule-2473250137",
            "ipv6_cidr_blocks": null,
            "prefix_list_ids": null,
            "protocol": "udp",
            "security_group_id": "sg-033c6b46933fda048",
            "self": true,
            "source_security_group_id": null,
            "to_port": 8600,
            "type": "ingress"
          },
          "private": "eyJzY2hlbWFfdmVyc2lvbiI6IjIifQ==",
          "dependencies": [
            "module.consul_cluster.aws_security_group.lc_security_group"
          ]
        }
      ]
    },
    {
      "module": "module.consul_cluster.module.security_group_rules",
      "mode": "managed",
      "type": "aws_security_group_rule",
      "name": "allow_http_api_inbound",
      "each": "list",
      "provider": "provider.aws",
      "instances": [
        {
          "index_key": 0,
          "schema_version": 2,
          "attributes": {
            "cidr_blocks": [
              "0.0.0.0/0"
            ],
            "description": null,
            "from_port": 8500,
            "id": "sgrule-3925917611",
            "ipv6_cidr_blocks": null,
            "prefix_list_ids": null,
            "protocol": "tcp",
            "security_group_id": "sg-033c6b46933fda048",
            "self": false,
            "source_security_group_id": null,
            "to_port": 8500,
            "type": "ingress"
          },
          "private": "eyJzY2hlbWFfdmVyc2lvbiI6IjIifQ==",
          "dependencies": [
            "module.consul_cluster.aws_security_group.lc_security_group"
          ]
        }
      ]
    },
    {
      "module": "module.consul_cluster.module.security_group_rules",
      "mode": "managed",
      "type": "aws_security_group_rule",
      "name": "allow_http_api_inbound_from_security_group_ids",
      "each": "list",
      "provider": "provider.aws",
      "instances": []
    },
    {
      "module": "module.consul_cluster.module.security_group_rules",
      "mode": "managed",
      "type": "aws_security_group_rule",
      "name": "allow_http_api_inbound_from_self",
      "provider": "provider.aws",
      "instances": [
        {
          "schema_version": 2,
          "attributes": {
            "cidr_blocks": null,
            "description": null,
            "from_port": 8500,
            "id": "sgrule-3018421724",
            "ipv6_cidr_blocks": null,
            "prefix_list_ids": null,
            "protocol": "tcp",
            "security_group_id": "sg-033c6b46933fda048",
            "self": true,
            "source_security_group_id": null,
            "to_port": 8500,
            "type": "ingress"
          },
          "private": "eyJzY2hlbWFfdmVyc2lvbiI6IjIifQ==",
          "dependencies": [
            "module.consul_cluster.aws_security_group.lc_security_group"
          ]
        }
      ]
    },
    {
      "module": "module.consul_cluster.module.security_group_rules.module.client_security_group_rules",
      "mode": "managed",
      "type": "aws_security_group_rule",
      "name": "allow_serf_lan_tcp_inbound",
      "each": "list",
      "provider": "provider.aws",
      "instances": [
        {
          "index_key": 0,
          "schema_version": 2,
          "attributes": {
            "cidr_blocks": [
              "0.0.0.0/0"
            ],
            "description": null,
            "from_port": 8301,
            "id": "sgrule-296529151",
            "ipv6_cidr_blocks": null,
            "prefix_list_ids": null,
            "protocol": "tcp",
            "security_group_id": "sg-033c6b46933fda048",
            "self": false,
            "source_security_group_id": null,
            "to_port": 8301,
            "type": "ingress"
          },
          "private": "eyJzY2hlbWFfdmVyc2lvbiI6IjIifQ==",
          "dependencies": [
            "module.consul_cluster.aws_security_group.lc_security_group"
          ]
        }
      ]
    },
    {
      "module": "module.security_group_rules",
      "mode": "managed",
      "type": "aws_security_group_rule",
      "name": "allow_serf_lan_tcp_inbound",
      "each": "list",
      "provider": "provider.aws",
      "instances": [
        {
          "index_key": 0,
          "schema_version": 2,
          "attributes": {
            "cidr_blocks": [
              "0.0.0.0/0"
            ],
            "description": null,
            "from_port": 8301,
            "id": "sgrule-282098513",
            "ipv6_cidr_blocks": null,
            "prefix_list_ids": null,
            "protocol": "tcp",
            "security_group_id": "sg-056440fa074f270f5",
            "self": false,
            "source_security_group_id": null,
            "to_port": 8301,
            "type": "ingress"
          },
          "private": "eyJzY2hlbWFfdmVyc2lvbiI6IjIifQ==",
          "dependencies": [
            "module.vault_cluster.aws_security_group.lc_security_group"
          ]
        }
      ]
    },
    {
      "module": "module.consul_cluster.module.security_group_rules.module.client_security_group_rules",
      "mode": "managed",
      "type": "aws_security_group_rule",
      "name": "allow_serf_lan_tcp_inbound_from_security_group_ids",
      "each": "list",
      "provider": "provider.aws",
      "instances": []
    },
    {
      "module": "module.security_group_rules",
      "mode": "managed",
      "type": "aws_security_group_rule",
      "name": "allow_serf_lan_tcp_inbound_from_security_group_ids",
      "each": "list",
      "provider": "provider.aws",
      "instances": []
    },
    {
      "module": "module.consul_cluster.module.security_group_rules.module.client_security_group_rules",
      "mode": "managed",
      "type": "aws_security_group_rule",
      "name": "allow_serf_lan_tcp_inbound_from_self",
      "provider": "provider.aws",
      "instances": [
        {
          "schema_version": 2,
          "attributes": {
            "cidr_blocks": null,
            "description": null,
            "from_port": 8301,
            "id": "sgrule-474415485",
            "ipv6_cidr_blocks": null,
            "prefix_list_ids": null,
            "protocol": "tcp",
            "security_group_id": "sg-033c6b46933fda048",
            "self": true,
            "source_security_group_id": null,
            "to_port": 8301,
            "type": "ingress"
          },
          "private": "eyJzY2hlbWFfdmVyc2lvbiI6IjIifQ==",
          "dependencies": [
            "module.consul_cluster.aws_security_group.lc_security_group"
          ]
        }
      ]
    },
    {
      "module": "module.security_group_rules",
      "mode": "managed",
      "type": "aws_security_group_rule",
      "name": "allow_serf_lan_tcp_inbound_from_self",
      "provider": "provider.aws",
      "instances": [
        {
          "schema_version": 2,
          "attributes": {
            "cidr_blocks": null,
            "description": null,
            "from_port": 8301,
            "id": "sgrule-898078013",
            "ipv6_cidr_blocks": null,
            "prefix_list_ids": null,
            "protocol": "tcp",
            "security_group_id": "sg-056440fa074f270f5",
            "self": true,
            "source_security_group_id": null,
            "to_port": 8301,
            "type": "ingress"
          },
          "private": "eyJzY2hlbWFfdmVyc2lvbiI6IjIifQ==",
          "dependencies": [
            "module.vault_cluster.aws_security_group.lc_security_group"
          ]
        }
      ]
    },
    {
      "module": "module.consul_cluster.module.security_group_rules.module.client_security_group_rules",
      "mode": "managed",
      "type": "aws_security_group_rule",
      "name": "allow_serf_lan_udp_inbound",
      "each": "list",
      "provider": "provider.aws",
      "instances": [
        {
          "index_key": 0,
          "schema_version": 2,
          "attributes": {
            "cidr_blocks": [
              "0.0.0.0/0"
            ],
            "description": null,
            "from_port": 8301,
            "id": "sgrule-1868779111",
            "ipv6_cidr_blocks": null,
            "prefix_list_ids": null,
            "protocol": "udp",
            "security_group_id": "sg-033c6b46933fda048",
            "self": false,
            "source_security_group_id": null,
            "to_port": 8301,
            "type": "ingress"
          },
          "private": "eyJzY2hlbWFfdmVyc2lvbiI6IjIifQ==",
          "dependencies": [
            "module.consul_cluster.aws_security_group.lc_security_group"
          ]
        }
      ]
    },
    {
      "module": "module.security_group_rules",
      "mode": "managed",
      "type": "aws_security_group_rule",
      "name": "allow_serf_lan_udp_inbound",
      "each": "list",
      "provider": "provider.aws",
      "instances": [
        {
          "index_key": 0,
          "schema_version": 2,
          "attributes": {
            "cidr_blocks": [
              "0.0.0.0/0"
            ],
            "description": null,
            "from_port": 8301,
            "id": "sgrule-1847564745",
            "ipv6_cidr_blocks": null,
            "prefix_list_ids": null,
            "protocol": "udp",
            "security_group_id": "sg-056440fa074f270f5",
            "self": false,
            "source_security_group_id": null,
            "to_port": 8301,
            "type": "ingress"
          },
          "private": "eyJzY2hlbWFfdmVyc2lvbiI6IjIifQ==",
          "dependencies": [
            "module.vault_cluster.aws_security_group.lc_security_group"
          ]
        }
      ]
    },
    {
      "module": "module.consul_cluster.module.security_group_rules.module.client_security_group_rules",
      "mode": "managed",
      "type": "aws_security_group_rule",
      "name": "allow_serf_lan_udp_inbound_from_security_group_ids",
      "each": "list",
      "provider": "provider.aws",
      "instances": []
    },
    {
      "module": "module.security_group_rules",
      "mode": "managed",
      "type": "aws_security_group_rule",
      "name": "allow_serf_lan_udp_inbound_from_security_group_ids",
      "each": "list",
      "provider": "provider.aws",
      "instances": []
    },
    {
      "module": "module.consul_cluster.module.security_group_rules.module.client_security_group_rules",
      "mode": "managed",
      "type": "aws_security_group_rule",
      "name": "allow_serf_lan_udp_inbound_from_self",
      "provider": "provider.aws",
      "instances": [
        {
          "schema_version": 2,
          "attributes": {
            "cidr_blocks": null,
            "description": null,
            "from_port": 8301,
            "id": "sgrule-3088622226",
            "ipv6_cidr_blocks": null,
            "prefix_list_ids": null,
            "protocol": "udp",
            "security_group_id": "sg-033c6b46933fda048",
            "self": true,
            "source_security_group_id": null,
            "to_port": 8301,
            "type": "ingress"
          },
          "private": "eyJzY2hlbWFfdmVyc2lvbiI6IjIifQ==",
          "dependencies": [
            "module.consul_cluster.aws_security_group.lc_security_group"
          ]
        }
      ]
    },
    {
      "module": "module.security_group_rules",
      "mode": "managed",
      "type": "aws_security_group_rule",
      "name": "allow_serf_lan_udp_inbound_from_self",
      "provider": "provider.aws",
      "instances": [
        {
          "schema_version": 2,
          "attributes": {
            "cidr_blocks": null,
            "description": null,
            "from_port": 8301,
            "id": "sgrule-2446866130",
            "ipv6_cidr_blocks": null,
            "prefix_list_ids": null,
            "protocol": "udp",
            "security_group_id": "sg-056440fa074f270f5",
            "self": true,
            "source_security_group_id": null,
            "to_port": 8301,
            "type": "ingress"
          },
          "private": "eyJzY2hlbWFfdmVyc2lvbiI6IjIifQ==",
          "dependencies": [
            "module.vault_cluster.aws_security_group.lc_security_group"
          ]
        }
      ]
    },
    {
      "module": "module.consul_cluster.module.security_group_rules",
      "mode": "managed",
      "type": "aws_security_group_rule",
      "name": "allow_serf_wan_tcp_inbound",
      "each": "list",
      "provider": "provider.aws",
      "instances": [
        {
          "index_key": 0,
          "schema_version": 2,
          "attributes": {
            "cidr_blocks": [
              "0.0.0.0/0"
            ],
            "description": null,
            "from_port": 8302,
            "id": "sgrule-3971641019",
            "ipv6_cidr_blocks": null,
            "prefix_list_ids": null,
            "protocol": "tcp",
            "security_group_id": "sg-033c6b46933fda048",
            "self": false,
            "source_security_group_id": null,
            "to_port": 8302,
            "type": "ingress"
          },
          "private": "eyJzY2hlbWFfdmVyc2lvbiI6IjIifQ==",
          "dependencies": [
            "module.consul_cluster.aws_security_group.lc_security_group"
          ]
        }
      ]
    },
    {
      "module": "module.consul_cluster.module.security_group_rules",
      "mode": "managed",
      "type": "aws_security_group_rule",
      "name": "allow_serf_wan_tcp_inbound_from_security_group_ids",
      "each": "list",
      "provider": "provider.aws",
      "instances": []
    },
    {
      "module": "module.consul_cluster.module.security_group_rules",
      "mode": "managed",
      "type": "aws_security_group_rule",
      "name": "allow_serf_wan_tcp_inbound_from_self",
      "provider": "provider.aws",
      "instances": [
        {
          "schema_version": 2,
          "attributes": {
            "cidr_blocks": null,
            "description": null,
            "from_port": 8302,
            "id": "sgrule-2616118561",
            "ipv6_cidr_blocks": null,
            "prefix_list_ids": null,
            "protocol": "tcp",
            "security_group_id": "sg-033c6b46933fda048",
            "self": true,
            "source_security_group_id": null,
            "to_port": 8302,
            "type": "ingress"
          },
          "private": "eyJzY2hlbWFfdmVyc2lvbiI6IjIifQ==",
          "dependencies": [
            "module.consul_cluster.aws_security_group.lc_security_group"
          ]
        }
      ]
    },
    {
      "module": "module.consul_cluster.module.security_group_rules",
      "mode": "managed",
      "type": "aws_security_group_rule",
      "name": "allow_serf_wan_udp_inbound",
      "each": "list",
      "provider": "provider.aws",
      "instances": [
        {
          "index_key": 0,
          "schema_version": 2,
          "attributes": {
            "cidr_blocks": [
              "0.0.0.0/0"
            ],
            "description": null,
            "from_port": 8302,
            "id": "sgrule-2457177123",
            "ipv6_cidr_blocks": null,
            "prefix_list_ids": null,
            "protocol": "udp",
            "security_group_id": "sg-033c6b46933fda048",
            "self": false,
            "source_security_group_id": null,
            "to_port": 8302,
            "type": "ingress"
          },
          "private": "eyJzY2hlbWFfdmVyc2lvbiI6IjIifQ==",
          "dependencies": [
            "module.consul_cluster.aws_security_group.lc_security_group"
          ]
        }
      ]
    },
    {
      "module": "module.consul_cluster.module.security_group_rules",
      "mode": "managed",
      "type": "aws_security_group_rule",
      "name": "allow_serf_wan_udp_inbound_from_security_group_ids",
      "each": "list",
      "provider": "provider.aws",
      "instances": []
    },
    {
      "module": "module.consul_cluster.module.security_group_rules",
      "mode": "managed",
      "type": "aws_security_group_rule",
      "name": "allow_serf_wan_udp_inbound_from_self",
      "provider": "provider.aws",
      "instances": [
        {
          "schema_version": 2,
          "attributes": {
            "cidr_blocks": null,
            "description": null,
            "from_port": 8302,
            "id": "sgrule-1068592846",
            "ipv6_cidr_blocks": null,
            "prefix_list_ids": null,
            "protocol": "udp",
            "security_group_id": "sg-033c6b46933fda048",
            "self": true,
            "source_security_group_id": null,
            "to_port": 8302,
            "type": "ingress"
          },
          "private": "eyJzY2hlbWFfdmVyc2lvbiI6IjIifQ==",
          "dependencies": [
            "module.consul_cluster.aws_security_group.lc_security_group"
          ]
        }
      ]
    },
    {
      "module": "module.consul_cluster.module.security_group_rules",
      "mode": "managed",
      "type": "aws_security_group_rule",
      "name": "allow_server_rpc_inbound",
      "each": "list",
      "provider": "provider.aws",
      "instances": [
        {
          "index_key": 0,
          "schema_version": 2,
          "attributes": {
            "cidr_blocks": [
              "0.0.0.0/0"
            ],
            "description": null,
            "from_port": 8300,
            "id": "sgrule-4086173948",
            "ipv6_cidr_blocks": null,
            "prefix_list_ids": null,
            "protocol": "tcp",
            "security_group_id": "sg-033c6b46933fda048",
            "self": false,
            "source_security_group_id": null,
            "to_port": 8300,
            "type": "ingress"
          },
          "private": "eyJzY2hlbWFfdmVyc2lvbiI6IjIifQ==",
          "dependencies": [
            "module.consul_cluster.aws_security_group.lc_security_group"
          ]
        }
      ]
    },
    {
      "module": "module.consul_cluster.module.security_group_rules",
      "mode": "managed",
      "type": "aws_security_group_rule",
      "name": "allow_server_rpc_inbound_from_security_group_ids",
      "each": "list",
      "provider": "provider.aws",
      "instances": []
    },
    {
      "module": "module.consul_cluster.module.security_group_rules",
      "mode": "managed",
      "type": "aws_security_group_rule",
      "name": "allow_server_rpc_inbound_from_self",
      "provider": "provider.aws",
      "instances": [
        {
          "schema_version": 2,
          "attributes": {
            "cidr_blocks": null,
            "description": null,
            "from_port": 8300,
            "id": "sgrule-1629504841",
            "ipv6_cidr_blocks": null,
            "prefix_list_ids": null,
            "protocol": "tcp",
            "security_group_id": "sg-033c6b46933fda048",
            "self": true,
            "source_security_group_id": null,
            "to_port": 8300,
            "type": "ingress"
          },
          "private": "eyJzY2hlbWFfdmVyc2lvbiI6IjIifQ==",
          "dependencies": [
            "module.consul_cluster.aws_security_group.lc_security_group"
          ]
        }
      ]
    },
    {
      "module": "module.consul_cluster",
      "mode": "managed",
      "type": "aws_security_group_rule",
      "name": "allow_ssh_inbound",
      "each": "list",
      "provider": "provider.aws",
      "instances": [
        {
          "index_key": 0,
          "schema_version": 2,
          "attributes": {
            "cidr_blocks": [
              "0.0.0.0/0"
            ],
            "description": null,
            "from_port": 22,
            "id": "sgrule-1858838534",
            "ipv6_cidr_blocks": null,
            "prefix_list_ids": null,
            "protocol": "tcp",
            "security_group_id": "sg-033c6b46933fda048",
            "self": false,
            "source_security_group_id": null,
            "to_port": 22,
            "type": "ingress"
          },
          "private": "eyJzY2hlbWFfdmVyc2lvbiI6IjIifQ==",
          "dependencies": [
            "module.consul_cluster.aws_security_group.lc_security_group"
          ]
        }
      ]
    },
    {
      "module": "module.vault_cluster",
      "mode": "managed",
      "type": "aws_security_group_rule",
      "name": "allow_ssh_inbound_from_cidr_blocks",
      "each": "list",
      "provider": "provider.aws",
      "instances": [
        {
          "index_key": 0,
          "schema_version": 2,
          "attributes": {
            "cidr_blocks": [
              "0.0.0.0/0"
            ],
            "description": null,
            "from_port": 22,
            "id": "sgrule-2257892421",
            "ipv6_cidr_blocks": null,
            "prefix_list_ids": null,
            "protocol": "tcp",
            "security_group_id": "sg-056440fa074f270f5",
            "self": false,
            "source_security_group_id": null,
            "to_port": 22,
            "type": "ingress"
          },
          "private": "eyJzY2hlbWFfdmVyc2lvbiI6IjIifQ==",
          "dependencies": [
            "module.vault_cluster.aws_security_group.lc_security_group"
          ]
        }
      ]
    },
    {
      "module": "module.consul_cluster",
      "mode": "managed",
      "type": "aws_security_group_rule",
      "name": "allow_ssh_inbound_from_security_group_ids",
      "each": "list",
      "provider": "provider.aws",
      "instances": []
    },
    {
      "module": "module.vault_cluster",
      "mode": "managed",
      "type": "aws_security_group_rule",
      "name": "allow_ssh_inbound_from_security_group_ids",
      "each": "list",
      "provider": "provider.aws",
      "instances": []
    }
  ]
}
